
Microsoft Visual Studio Solution File, Format Version 12.00
# Visual Studio 2013
VisualStudioVersion = 12.0.40629.0
MinimumVisualStudioVersion = 10.0.40219.1
Project("{8BC9CEB8-8B4A-11D0-8D11-00A0C91BC942}") = "RobotDispathServer", "RobotDispathServer\RobotDispathServer.vcxproj", "{A4E2E02A-80F3-46E8-A331-A4B404CBFE25}"
	ProjectSection(ProjectDependencies) = postProject
		{DBDB3D2B-7FEE-4AEE-9A92-AB4417F792C8} = {DBDB3D2B-7FEE-4AEE-9A92-AB4417F792C8}
		{E8C71A30-AB75-4D99-8079-3D3D50468226} = {E8C71A30-AB75-4D99-8079-3D3D50468226}
		{1EF24930-0717-419B-9865-CFFEAEC2BD66} = {1EF24930-0717-419B-9865-CFFEAEC2BD66}
		{B6843532-B94E-4125-BA42-F58B6D60800A} = {B6843532-B94E-4125-BA42-F58B6D60800A}
		{8F083C3C-AAC8-4A25-9566-F6E62E7D8B49} = {8F083C3C-AAC8-4A25-9566-F6E62E7D8B49}
		{30C1224D-A4ED-4EC7-A8C8-FAEE601673CA} = {30C1224D-A4ED-4EC7-A8C8-FAEE601673CA}
		{4FD2054F-312B-4F0E-9543-5AC4C669F0E0} = {4FD2054F-312B-4F0E-9543-5AC4C669F0E0}
		{23981B72-16F7-4095-BDB4-394672BEB8DC} = {23981B72-16F7-4095-BDB4-394672BEB8DC}
		{C0930D76-F3FF-4428-97B2-5FEF6DBE0B90} = {C0930D76-F3FF-4428-97B2-5FEF6DBE0B90}
		{8826C989-A8A1-407A-9842-FF4695EE25B2} = {8826C989-A8A1-407A-9842-FF4695EE25B2}
		{CF6E5E8B-7F19-4D1B-BB1B-91817A5F7292} = {CF6E5E8B-7F19-4D1B-BB1B-91817A5F7292}
		{A1A30692-4960-4EF5-9D5B-94EC5DF57C27} = {A1A30692-4960-4EF5-9D5B-94EC5DF57C27}
		{79A43EAE-9B2F-4D73-97A1-00EA4F8672B7} = {79A43EAE-9B2F-4D73-97A1-00EA4F8672B7}
		{4C091CB9-837E-4719-8DF1-D0F4FFCF0924} = {4C091CB9-837E-4719-8DF1-D0F4FFCF0924}
		{6F7D90DF-32F1-4871-B5D0-15DAB2E1CBFA} = {6F7D90DF-32F1-4871-B5D0-15DAB2E1CBFA}
	EndProjectSection
EndProject
Project("{8BC9CEB8-8B4A-11D0-8D11-00A0C91BC942}") = "camerasteam", "camerasteam\camerasteam.vcxproj", "{CF6E5E8B-7F19-4D1B-BB1B-91817A5F7292}"
EndProject
Project("{8BC9CEB8-8B4A-11D0-8D11-00A0C91BC942}") = "audiosteam", "audiosteam\audiosteam.vcxproj", "{A1A30692-4960-4EF5-9D5B-94EC5DF57C27}"
EndProject
Project("{8BC9CEB8-8B4A-11D0-8D11-00A0C91BC942}") = "facemodule", "facemodule\facemodule.vcxproj", "{1EF24930-0717-419B-9865-CFFEAEC2BD66}"
EndProject
Project("{8BC9CEB8-8B4A-11D0-8D11-00A0C91BC942}") = "soundplayer", "soundplayer\soundplayer.vcxproj", "{4C091CB9-837E-4719-8DF1-D0F4FFCF0924}"
EndProject
Project("{8BC9CEB8-8B4A-11D0-8D11-00A0C91BC942}") = "speechmodule", "speechmodule\speechmodule.vcxproj", "{4FD2054F-312B-4F0E-9543-5AC4C669F0E0}"
EndProject
Project("{8BC9CEB8-8B4A-11D0-8D11-00A0C91BC942}") = "footmodule", "footmodule\footmodule.vcxproj", "{B6843532-B94E-4125-BA42-F58B6D60800A}"
EndProject
Project("{8BC9CEB8-8B4A-11D0-8D11-00A0C91BC942}") = "expressionmodule", "expressionmodule\expressionmodule.vcxproj", "{8826C989-A8A1-407A-9842-FF4695EE25B2}"
EndProject
Project("{8BC9CEB8-8B4A-11D0-8D11-00A0C91BC942}") = "printmodule", "printmodule\printmodule.vcxproj", "{E8C71A30-AB75-4D99-8079-3D3D50468226}"
EndProject
Project("{8BC9CEB8-8B4A-11D0-8D11-00A0C91BC942}") = "IDcardmodule", "IDcardmodule\IDcardmodule.vcxproj", "{30C1224D-A4ED-4EC7-A8C8-FAEE601673CA}"
EndProject
Project("{8BC9CEB8-8B4A-11D0-8D11-00A0C91BC942}") = "ICcardmodule", "ICcardmodule\ICcardmodule.vcxproj", "{8F083C3C-AAC8-4A25-9566-F6E62E7D8B49}"
EndProject
Project("{8BC9CEB8-8B4A-11D0-8D11-00A0C91BC942}") = "cloudplatform", "cloudplatform\cloudplatform.vcxproj", "{6F7D90DF-32F1-4871-B5D0-15DAB2E1CBFA}"
EndProject
Project("{8BC9CEB8-8B4A-11D0-8D11-00A0C91BC942}") = "iotServer", "iotServer\iotServer.vcxproj", "{C0930D76-F3FF-4428-97B2-5FEF6DBE0B90}"
EndProject
Project("{8BC9CEB8-8B4A-11D0-8D11-00A0C91BC942}") = "MagneticNavigation", "MagneticNavigation\MagneticNavigation.vcxproj", "{DBDB3D2B-7FEE-4AEE-9A92-AB4417F792C8}"
EndProject
Project("{8BC9CEB8-8B4A-11D0-8D11-00A0C91BC942}") = "PsycheClient", "PsycheClient\PsycheClient.vcxproj", "{79A43EAE-9B2F-4D73-97A1-00EA4F8672B7}"
EndProject
Project("{8BC9CEB8-8B4A-11D0-8D11-00A0C91BC942}") = "Headcontrolmodule", "Headcontrolmodule\Headcontrolmodule.vcxproj", "{23981B72-16F7-4095-BDB4-394672BEB8DC}"
EndProject
Project("{8BC9CEB8-8B4A-11D0-8D11-00A0C91BC942}") = "IDcardYSmodule", "IDcardYSmodule\IDcardYSmodule.vcxproj", "{44379480-5E0D-49C9-8985-872E29879DC8}"
EndProject
Global
	GlobalSection(SolutionConfigurationPlatforms) = preSolution
		Debug|Win32 = Debug|Win32
		Release|Win32 = Release|Win32
	EndGlobalSection
	GlobalSection(ProjectConfigurationPlatforms) = postSolution
		{A4E2E02A-80F3-46E8-A331-A4B404CBFE25}.Debug|Win32.ActiveCfg = Debug|Win32
		{A4E2E02A-80F3-46E8-A331-A4B404CBFE25}.Debug|Win32.Build.0 = Debug|Win32
		{A4E2E02A-80F3-46E8-A331-A4B404CBFE25}.Release|Win32.ActiveCfg = Release|Win32
		{A4E2E02A-80F3-46E8-A331-A4B404CBFE25}.Release|Win32.Build.0 = Release|Win32
		{CF6E5E8B-7F19-4D1B-BB1B-91817A5F7292}.Debug|Win32.ActiveCfg = Debug|Win32
		{CF6E5E8B-7F19-4D1B-BB1B-91817A5F7292}.Debug|Win32.Build.0 = Debug|Win32
		{CF6E5E8B-7F19-4D1B-BB1B-91817A5F7292}.Release|Win32.ActiveCfg = Release|Win32
		{CF6E5E8B-7F19-4D1B-BB1B-91817A5F7292}.Release|Win32.Build.0 = Release|Win32
		{A1A30692-4960-4EF5-9D5B-94EC5DF57C27}.Debug|Win32.ActiveCfg = Debug|Win32
		{A1A30692-4960-4EF5-9D5B-94EC5DF57C27}.Debug|Win32.Build.0 = Debug|Win32
		{A1A30692-4960-4EF5-9D5B-94EC5DF57C27}.Release|Win32.ActiveCfg = Release|Win32
		{A1A30692-4960-4EF5-9D5B-94EC5DF57C27}.Release|Win32.Build.0 = Release|Win32
		{1EF24930-0717-419B-9865-CFFEAEC2BD66}.Debug|Win32.ActiveCfg = Debug|Win32
		{1EF24930-0717-419B-9865-CFFEAEC2BD66}.Debug|Win32.Build.0 = Debug|Win32
		{1EF24930-0717-419B-9865-CFFEAEC2BD66}.Release|Win32.ActiveCfg = Release|Win32
		{1EF24930-0717-419B-9865-CFFEAEC2BD66}.Release|Win32.Build.0 = Release|Win32
		{4C091CB9-837E-4719-8DF1-D0F4FFCF0924}.Debug|Win32.ActiveCfg = Debug|Win32
		{4C091CB9-837E-4719-8DF1-D0F4FFCF0924}.Debug|Win32.Build.0 = Debug|Win32
		{4C091CB9-837E-4719-8DF1-D0F4FFCF0924}.Release|Win32.ActiveCfg = Release|Win32
		{4C091CB9-837E-4719-8DF1-D0F4FFCF0924}.Release|Win32.Build.0 = Release|Win32
		{4FD2054F-312B-4F0E-9543-5AC4C669F0E0}.Debug|Win32.ActiveCfg = Debug|Win32
		{4FD2054F-312B-4F0E-9543-5AC4C669F0E0}.Debug|Win32.Build.0 = Debug|Win32
		{4FD2054F-312B-4F0E-9543-5AC4C669F0E0}.Release|Win32.ActiveCfg = Release|Win32
		{4FD2054F-312B-4F0E-9543-5AC4C669F0E0}.Release|Win32.Build.0 = Release|Win32
		{B6843532-B94E-4125-BA42-F58B6D60800A}.Debug|Win32.ActiveCfg = Debug|Win32
		{B6843532-B94E-4125-BA42-F58B6D60800A}.Debug|Win32.Build.0 = Debug|Win32
		{B6843532-B94E-4125-BA42-F58B6D60800A}.Release|Win32.ActiveCfg = Release|Win32
		{B6843532-B94E-4125-BA42-F58B6D60800A}.Release|Win32.Build.0 = Release|Win32
		{8826C989-A8A1-407A-9842-FF4695EE25B2}.Debug|Win32.ActiveCfg = Debug|Win32
		{8826C989-A8A1-407A-9842-FF4695EE25B2}.Debug|Win32.Build.0 = Debug|Win32
		{8826C989-A8A1-407A-9842-FF4695EE25B2}.Release|Win32.ActiveCfg = Release|Win32
		{8826C989-A8A1-407A-9842-FF4695EE25B2}.Release|Win32.Build.0 = Release|Win32
		{E8C71A30-AB75-4D99-8079-3D3D50468226}.Debug|Win32.ActiveCfg = Debug|Win32
		{E8C71A30-AB75-4D99-8079-3D3D50468226}.Debug|Win32.Build.0 = Debug|Win32
		{E8C71A30-AB75-4D99-8079-3D3D50468226}.Release|Win32.ActiveCfg = Release|Win32
		{E8C71A30-AB75-4D99-8079-3D3D50468226}.Release|Win32.Build.0 = Release|Win32
		{30C1224D-A4ED-4EC7-A8C8-FAEE601673CA}.Debug|Win32.ActiveCfg = Debug|Win32
		{30C1224D-A4ED-4EC7-A8C8-FAEE601673CA}.Debug|Win32.Build.0 = Debug|Win32
		{30C1224D-A4ED-4EC7-A8C8-FAEE601673CA}.Release|Win32.ActiveCfg = Release|Win32
		{30C1224D-A4ED-4EC7-A8C8-FAEE601673CA}.Release|Win32.Build.0 = Release|Win32
		{8F083C3C-AAC8-4A25-9566-F6E62E7D8B49}.Debug|Win32.ActiveCfg = Debug|Win32
		{8F083C3C-AAC8-4A25-9566-F6E62E7D8B49}.Debug|Win32.Build.0 = Debug|Win32
		{8F083C3C-AAC8-4A25-9566-F6E62E7D8B49}.Release|Win32.ActiveCfg = Release|Win32
		{8F083C3C-AAC8-4A25-9566-F6E62E7D8B49}.Release|Win32.Build.0 = Release|Win32
		{6F7D90DF-32F1-4871-B5D0-15DAB2E1CBFA}.Debug|Win32.ActiveCfg = Debug|Win32
		{6F7D90DF-32F1-4871-B5D0-15DAB2E1CBFA}.Debug|Win32.Build.0 = Debug|Win32
		{6F7D90DF-32F1-4871-B5D0-15DAB2E1CBFA}.Release|Win32.ActiveCfg = Release|Win32
		{6F7D90DF-32F1-4871-B5D0-15DAB2E1CBFA}.Release|Win32.Build.0 = Release|Win32
		{C0930D76-F3FF-4428-97B2-5FEF6DBE0B90}.Debug|Win32.ActiveCfg = Debug|Win32
		{C0930D76-F3FF-4428-97B2-5FEF6DBE0B90}.Debug|Win32.Build.0 = Debug|Win32
		{C0930D76-F3FF-4428-97B2-5FEF6DBE0B90}.Release|Win32.ActiveCfg = Release|Win32
		{C0930D76-F3FF-4428-97B2-5FEF6DBE0B90}.Release|Win32.Build.0 = Release|Win32
		{DBDB3D2B-7FEE-4AEE-9A92-AB4417F792C8}.Debug|Win32.ActiveCfg = Debug|Win32
		{DBDB3D2B-7FEE-4AEE-9A92-AB4417F792C8}.Debug|Win32.Build.0 = Debug|Win32
		{DBDB3D2B-7FEE-4AEE-9A92-AB4417F792C8}.Release|Win32.ActiveCfg = Release|Win32
		{DBDB3D2B-7FEE-4AEE-9A92-AB4417F792C8}.Release|Win32.Build.0 = Release|Win32
		{79A43EAE-9B2F-4D73-97A1-00EA4F8672B7}.Debug|Win32.ActiveCfg = Debug|Win32
		{79A43EAE-9B2F-4D73-97A1-00EA4F8672B7}.Debug|Win32.Build.0 = Debug|Win32
		{79A43EAE-9B2F-4D73-97A1-00EA4F8672B7}.Release|Win32.ActiveCfg = Release|Win32
		{79A43EAE-9B2F-4D73-97A1-00EA4F8672B7}.Release|Win32.Build.0 = Release|Win32
		{23981B72-16F7-4095-BDB4-394672BEB8DC}.Debug|Win32.ActiveCfg = Debug|Win32
		{23981B72-16F7-4095-BDB4-394672BEB8DC}.Debug|Win32.Build.0 = Debug|Win32
		{23981B72-16F7-4095-BDB4-394672BEB8DC}.Release|Win32.ActiveCfg = Release|Win32
		{23981B72-16F7-4095-BDB4-394672BEB8DC}.Release|Win32.Build.0 = Release|Win32
		{44379480-5E0D-49C9-8985-872E29879DC8}.Debug|Win32.ActiveCfg = Debug|Win32
		{44379480-5E0D-49C9-8985-872E29879DC8}.Debug|Win32.Build.0 = Debug|Win32
		{44379480-5E0D-49C9-8985-872E29879DC8}.Release|Win32.ActiveCfg = Release|Win32
		{44379480-5E0D-49C9-8985-872E29879DC8}.Release|Win32.Build.0 = Release|Win32
	EndGlobalSection
	GlobalSection(SolutionProperties) = preSolution
		HideSolutionNode = FALSE
	EndGlobalSection
EndGlobal
